
Microsoft Visual Studio Solution File, Format Version 12.00
# Visual Studio 14
VisualStudioVersion = 14.0.25420.1
MinimumVisualStudioVersion = 10.0.40219.1
Project("{FAE04EC0-301F-11D3-BF4B-00C04F79EFBC}") = "BowlingScore", "BowlingScore\BowlingScore.csproj", "{26A0E206-B8DE-4CA1-A294-CD790B811CDB}"
EndProject
Project("{FAE04EC0-301F-11D3-BF4B-00C04F79EFBC}") = "BowlingScore.Tests", "BowlingScore.Tests\BowlingScore.Tests.csproj", "{1BA86CB7-981B-4C62-AD10-2F787C192D7A}"
EndProject
Project("{FAE04EC0-301F-11D3-BF4B-00C04F79EFBC}") = "BowlingScore.BusinessLogic", "BowlingScore.BusinessLogic\BowlingScore.BusinessLogic.csproj", "{F5E70CA3-1F34-49D7-BB69-71F30B9CCEC1}"
EndProject
Global
	GlobalSection(SolutionConfigurationPlatforms) = preSolution
		Debug|Any CPU = Debug|Any CPU
		Release|Any CPU = Release|Any CPU
	EndGlobalSection
	GlobalSection(ProjectConfigurationPlatforms) = postSolution
		{26A0E206-B8DE-4CA1-A294-CD790B811CDB}.Debug|Any CPU.ActiveCfg = Debug|Any CPU
		{26A0E206-B8DE-4CA1-A294-CD790B811CDB}.Debug|Any CPU.Build.0 = Debug|Any CPU
		{26A0E206-B8DE-4CA1-A294-CD790B811CDB}.Release|Any CPU.ActiveCfg = Release|Any CPU
		{26A0E206-B8DE-4CA1-A294-CD790B811CDB}.Release|Any CPU.Build.0 = Release|Any CPU
		{1BA86CB7-981B-4C62-AD10-2F787C192D7A}.Debug|Any CPU.ActiveCfg = Debug|Any CPU
		{1BA86CB7-981B-4C62-AD10-2F787C192D7A}.Debug|Any CPU.Build.0 = Debug|Any CPU
		{1BA86CB7-981B-4C62-AD10-2F787C192D7A}.Release|Any CPU.ActiveCfg = Release|Any CPU
		{1BA86CB7-981B-4C62-AD10-2F787C192D7A}.Release|Any CPU.Build.0 = Release|Any CPU
		{F5E70CA3-1F34-49D7-BB69-71F30B9CCEC1}.Debug|Any CPU.ActiveCfg = Debug|Any CPU
		{F5E70CA3-1F34-49D7-BB69-71F30B9CCEC1}.Debug|Any CPU.Build.0 = Debug|Any CPU
		{F5E70CA3-1F34-49D7-BB69-71F30B9CCEC1}.Release|Any CPU.ActiveCfg = Release|Any CPU
		{F5E70CA3-1F34-49D7-BB69-71F30B9CCEC1}.Release|Any CPU.Build.0 = Release|Any CPU
	EndGlobalSection
	GlobalSection(SolutionProperties) = preSolution
		HideSolutionNode = FALSE
	EndGlobalSection
EndGlobal
